// !$*UTF8*$!
{
	archiveVersion = 1;
	classes = {
	};
	objectVersion = 51;
	objects = {

/* Begin PBXBuildFile section */
		AA1204C65005F1FC40DDA528 /* Pods_BookMarker.framework in Frameworks */ = {isa = PBXBuildFile; fileRef = B90FD30AB588403DDFE41F35 /* Pods_BookMarker.framework */; };
		F315195226BE2DA200F0BC39 /* Const.swift in Sources */ = {isa = PBXBuildFile; fileRef = F315195126BE2DA200F0BC39 /* Const.swift */; };
		F315195626BE33D700F0BC39 /* ConfigTableViewCell.swift in Sources */ = {isa = PBXBuildFile; fileRef = F315195426BE33D700F0BC39 /* ConfigTableViewCell.swift */; };
		F315195726BE33D700F0BC39 /* ConfigTableViewCell.xib in Resources */ = {isa = PBXBuildFile; fileRef = F315195526BE33D700F0BC39 /* ConfigTableViewCell.xib */; };
		F315196326BFCE0800F0BC39 /* WebViewController.swift in Sources */ = {isa = PBXBuildFile; fileRef = F315196226BFCE0800F0BC39 /* WebViewController.swift */; };
		F315196626C0B00600F0BC39 /* DisplayArticleList.swift in Sources */ = {isa = PBXBuildFile; fileRef = F315196526C0B00600F0BC39 /* DisplayArticleList.swift */; };
		F315196926C0B85600F0BC39 /* DateUtils.swift in Sources */ = {isa = PBXBuildFile; fileRef = F315196826C0B85600F0BC39 /* DateUtils.swift */; };
		F315197826C10CA000F0BC39 /* ImageClient.swift in Sources */ = {isa = PBXBuildFile; fileRef = F315197726C10CA000F0BC39 /* ImageClient.swift */; };
		F376B4DB26B3689500A6D388 /* AppDelegate.swift in Sources */ = {isa = PBXBuildFile; fileRef = F376B4DA26B3689500A6D388 /* AppDelegate.swift */; };
		F376B4DD26B3689500A6D388 /* SceneDelegate.swift in Sources */ = {isa = PBXBuildFile; fileRef = F376B4DC26B3689500A6D388 /* SceneDelegate.swift */; };
		F376B4DF26B3689500A6D388 /* ViewController.swift in Sources */ = {isa = PBXBuildFile; fileRef = F376B4DE26B3689500A6D388 /* ViewController.swift */; };
		F376B4E226B3689500A6D388 /* Main.storyboard in Resources */ = {isa = PBXBuildFile; fileRef = F376B4E026B3689500A6D388 /* Main.storyboard */; };
		F376B4E426B3689600A6D388 /* Assets.xcassets in Resources */ = {isa = PBXBuildFile; fileRef = F376B4E326B3689600A6D388 /* Assets.xcassets */; };
		F376B4E726B3689600A6D388 /* LaunchScreen.storyboard in Resources */ = {isa = PBXBuildFile; fileRef = F376B4E526B3689600A6D388 /* LaunchScreen.storyboard */; };
		F376B4F226B3747700A6D388 /* ConfigViewController.swift in Sources */ = {isa = PBXBuildFile; fileRef = F376B4F126B3747700A6D388 /* ConfigViewController.swift */; };
		F376B4F626B50C0700A6D388 /* TableViewCell.swift in Sources */ = {isa = PBXBuildFile; fileRef = F376B4F426B50C0700A6D388 /* TableViewCell.swift */; };
		F376B4F726B50C0700A6D388 /* TableViewCell.xib in Resources */ = {isa = PBXBuildFile; fileRef = F376B4F526B50C0700A6D388 /* TableViewCell.xib */; };
		F37ECBF326B7E9CC00A0813B /* RssClient.swift in Sources */ = {isa = PBXBuildFile; fileRef = F37ECBF226B7E9CC00A0813B /* RssClient.swift */; };
		F37ECBF726B8320B00A0813B /* ArticleList.swift in Sources */ = {isa = PBXBuildFile; fileRef = F37ECBF626B8320B00A0813B /* ArticleList.swift */; };
		F393A85826B51B0100B6C7C7 /* BookMark.swift in Sources */ = {isa = PBXBuildFile; fileRef = F393A85726B51B0100B6C7C7 /* BookMark.swift */; };
/* End PBXBuildFile section */

/* Begin PBXFileReference section */
		0261A476FB55DF9CB64C880E /* Pods-BookMarker.debug.xcconfig */ = {isa = PBXFileReference; includeInIndex = 1; lastKnownFileType = text.xcconfig; name = "Pods-BookMarker.debug.xcconfig"; path = "Target Support Files/Pods-BookMarker/Pods-BookMarker.debug.xcconfig"; sourceTree = "<group>"; };
		B90FD30AB588403DDFE41F35 /* Pods_BookMarker.framework */ = {isa = PBXFileReference; explicitFileType = wrapper.framework; includeInIndex = 0; path = Pods_BookMarker.framework; sourceTree = BUILT_PRODUCTS_DIR; };
		F315195126BE2DA200F0BC39 /* Const.swift */ = {isa = PBXFileReference; lastKnownFileType = sourcecode.swift; path = Const.swift; sourceTree = "<group>"; };
		F315195426BE33D700F0BC39 /* ConfigTableViewCell.swift */ = {isa = PBXFileReference; lastKnownFileType = sourcecode.swift; path = ConfigTableViewCell.swift; sourceTree = "<group>"; };
		F315195526BE33D700F0BC39 /* ConfigTableViewCell.xib */ = {isa = PBXFileReference; lastKnownFileType = file.xib; path = ConfigTableViewCell.xib; sourceTree = "<group>"; };
		F315196226BFCE0800F0BC39 /* WebViewController.swift */ = {isa = PBXFileReference; lastKnownFileType = sourcecode.swift; path = WebViewController.swift; sourceTree = "<group>"; };
		F315196526C0B00600F0BC39 /* DisplayArticleList.swift */ = {isa = PBXFileReference; lastKnownFileType = sourcecode.swift; path = DisplayArticleList.swift; sourceTree = "<group>"; };
		F315196826C0B85600F0BC39 /* DateUtils.swift */ = {isa = PBXFileReference; lastKnownFileType = sourcecode.swift; path = DateUtils.swift; sourceTree = "<group>"; };
		F315197726C10CA000F0BC39 /* ImageClient.swift */ = {isa = PBXFileReference; lastKnownFileType = sourcecode.swift; path = ImageClient.swift; sourceTree = "<group>"; };
		F376B4D726B3689500A6D388 /* BookMarker.app */ = {isa = PBXFileReference; explicitFileType = wrapper.application; includeInIndex = 0; path = BookMarker.app; sourceTree = BUILT_PRODUCTS_DIR; };
		F376B4DA26B3689500A6D388 /* AppDelegate.swift */ = {isa = PBXFileReference; lastKnownFileType = sourcecode.swift; path = AppDelegate.swift; sourceTree = "<group>"; };
		F376B4DC26B3689500A6D388 /* SceneDelegate.swift */ = {isa = PBXFileReference; lastKnownFileType = sourcecode.swift; path = SceneDelegate.swift; sourceTree = "<group>"; };
		F376B4DE26B3689500A6D388 /* ViewController.swift */ = {isa = PBXFileReference; lastKnownFileType = sourcecode.swift; path = ViewController.swift; sourceTree = "<group>"; };
		F376B4E126B3689500A6D388 /* Base */ = {isa = PBXFileReference; lastKnownFileType = file.storyboard; name = Base; path = Base.lproj/Main.storyboard; sourceTree = "<group>"; };
		F376B4E326B3689600A6D388 /* Assets.xcassets */ = {isa = PBXFileReference; lastKnownFileType = folder.assetcatalog; path = Assets.xcassets; sourceTree = "<group>"; };
		F376B4E626B3689600A6D388 /* Base */ = {isa = PBXFileReference; lastKnownFileType = file.storyboard; name = Base; path = Base.lproj/LaunchScreen.storyboard; sourceTree = "<group>"; };
		F376B4E826B3689600A6D388 /* Info.plist */ = {isa = PBXFileReference; lastKnownFileType = text.plist.xml; path = Info.plist; sourceTree = "<group>"; };
		F376B4F126B3747700A6D388 /* ConfigViewController.swift */ = {isa = PBXFileReference; lastKnownFileType = sourcecode.swift; path = ConfigViewController.swift; sourceTree = "<group>"; };
		F376B4F426B50C0700A6D388 /* TableViewCell.swift */ = {isa = PBXFileReference; lastKnownFileType = sourcecode.swift; path = TableViewCell.swift; sourceTree = "<group>"; };
		F376B4F526B50C0700A6D388 /* TableViewCell.xib */ = {isa = PBXFileReference; lastKnownFileType = file.xib; path = TableViewCell.xib; sourceTree = "<group>"; };
		F37ECBF226B7E9CC00A0813B /* RssClient.swift */ = {isa = PBXFileReference; lastKnownFileType = sourcecode.swift; path = RssClient.swift; sourceTree = "<group>"; };
		F37ECBF626B8320B00A0813B /* ArticleList.swift */ = {isa = PBXFileReference; lastKnownFileType = sourcecode.swift; path = ArticleList.swift; sourceTree = "<group>"; };
		F393A85726B51B0100B6C7C7 /* BookMark.swift */ = {isa = PBXFileReference; lastKnownFileType = sourcecode.swift; path = BookMark.swift; sourceTree = "<group>"; };
		FF10670A4AC58EFD53A0D522 /* Pods-BookMarker.release.xcconfig */ = {isa = PBXFileReference; includeInIndex = 1; lastKnownFileType = text.xcconfig; name = "Pods-BookMarker.release.xcconfig"; path = "Target Support Files/Pods-BookMarker/Pods-BookMarker.release.xcconfig"; sourceTree = "<group>"; };
/* End PBXFileReference section */

/* Begin PBXFrameworksBuildPhase section */
		F376B4D426B3689500A6D388 /* Frameworks */ = {
			isa = PBXFrameworksBuildPhase;
			buildActionMask = 2147483647;
			files = (
				AA1204C65005F1FC40DDA528 /* Pods_BookMarker.framework in Frameworks */,
			);
			runOnlyForDeploymentPostprocessing = 0;
		};
/* End PBXFrameworksBuildPhase section */

/* Begin PBXGroup section */
		97E7DC01F7EDAA88419E12FA /* Pods */ = {
			isa = PBXGroup;
			children = (
				0261A476FB55DF9CB64C880E /* Pods-BookMarker.debug.xcconfig */,
				FF10670A4AC58EFD53A0D522 /* Pods-BookMarker.release.xcconfig */,
			);
			path = Pods;
			sourceTree = "<group>";
		};
		B2DAAEF4A128BB40018A0D81 /* Frameworks */ = {
			isa = PBXGroup;
			children = (
				B90FD30AB588403DDFE41F35 /* Pods_BookMarker.framework */,
			);
			name = Frameworks;
			sourceTree = "<group>";
		};
		F376B4CE26B3689500A6D388 = {
			isa = PBXGroup;
			children = (
				F376B4D926B3689500A6D388 /* BookMarker */,
				F376B4D826B3689500A6D388 /* Products */,
				97E7DC01F7EDAA88419E12FA /* Pods */,
				B2DAAEF4A128BB40018A0D81 /* Frameworks */,
			);
			sourceTree = "<group>";
		};
		F376B4D826B3689500A6D388 /* Products */ = {
			isa = PBXGroup;
			children = (
				F376B4D726B3689500A6D388 /* BookMarker.app */,
			);
			name = Products;
			sourceTree = "<group>";
		};
		F376B4D926B3689500A6D388 /* BookMarker */ = {
			isa = PBXGroup;
			children = (
				F376B4DA26B3689500A6D388 /* AppDelegate.swift */,
				F376B4DC26B3689500A6D388 /* SceneDelegate.swift */,
				F376B4DE26B3689500A6D388 /* ViewController.swift */,
				F376B4F126B3747700A6D388 /* ConfigViewController.swift */,
				F37ECBF226B7E9CC00A0813B /* RssClient.swift */,
				F315197726C10CA000F0BC39 /* ImageClient.swift */,
				F376B4E026B3689500A6D388 /* Main.storyboard */,
				F376B4E326B3689600A6D388 /* Assets.xcassets */,
				F376B4E526B3689600A6D388 /* LaunchScreen.storyboard */,
				F376B4E826B3689600A6D388 /* Info.plist */,
				F376B4F426B50C0700A6D388 /* TableViewCell.swift */,
				F376B4F526B50C0700A6D388 /* TableViewCell.xib */,
				F315196226BFCE0800F0BC39 /* WebViewController.swift */,
				F315195426BE33D700F0BC39 /* ConfigTableViewCell.swift */,
				F315195526BE33D700F0BC39 /* ConfigTableViewCell.xib */,
				F393A85726B51B0100B6C7C7 /* BookMark.swift */,
				F37ECBF626B8320B00A0813B /* ArticleList.swift */,
				F315195126BE2DA200F0BC39 /* Const.swift */,
				F315196526C0B00600F0BC39 /* DisplayArticleList.swift */,
				F315196826C0B85600F0BC39 /* DateUtils.swift */,
			);
			path = BookMarker;
			sourceTree = "<group>";
		};
/* End PBXGroup section */

/* Begin PBXNativeTarget section */
		F376B4D626B3689500A6D388 /* BookMarker */ = {
			isa = PBXNativeTarget;
			buildConfigurationList = F376B4EB26B3689600A6D388 /* Build configuration list for PBXNativeTarget "BookMarker" */;
			buildPhases = (
				CC8FF4CA099927A7B4EAEFB0 /* [CP] Check Pods Manifest.lock */,
				F376B4D326B3689500A6D388 /* Sources */,
				F376B4D426B3689500A6D388 /* Frameworks */,
				F376B4D526B3689500A6D388 /* Resources */,
				6EE74624F113938A415448A1 /* [CP] Embed Pods Frameworks */,
			);
			buildRules = (
			);
			dependencies = (
			);
			name = BookMarker;
			productName = BookMarker;
			productReference = F376B4D726B3689500A6D388 /* BookMarker.app */;
			productType = "com.apple.product-type.application";
		};
/* End PBXNativeTarget section */

/* Begin PBXProject section */
		F376B4CF26B3689500A6D388 /* Project object */ = {
			isa = PBXProject;
			attributes = {
				LastSwiftUpdateCheck = 1220;
				LastUpgradeCheck = 1220;
				TargetAttributes = {
					F376B4D626B3689500A6D388 = {
						CreatedOnToolsVersion = 12.2;
					};
				};
			};
			buildConfigurationList = F376B4D226B3689500A6D388 /* Build configuration list for PBXProject "BookMarker" */;
			compatibilityVersion = "Xcode 9.3";
			developmentRegion = en;
			hasScannedForEncodings = 0;
			knownRegions = (
				en,
				Base,
			);
			mainGroup = F376B4CE26B3689500A6D388;
			productRefGroup = F376B4D826B3689500A6D388 /* Products */;
			projectDirPath = "";
			projectRoot = "";
			targets = (
				F376B4D626B3689500A6D388 /* BookMarker */,
			);
		};
/* End PBXProject section */

/* Begin PBXResourcesBuildPhase section */
		F376B4D526B3689500A6D388 /* Resources */ = {
			isa = PBXResourcesBuildPhase;
			buildActionMask = 2147483647;
			files = (
				F376B4E726B3689600A6D388 /* LaunchScreen.storyboard in Resources */,
				F376B4F726B50C0700A6D388 /* TableViewCell.xib in Resources */,
				F376B4E426B3689600A6D388 /* Assets.xcassets in Resources */,
				F376B4E226B3689500A6D388 /* Main.storyboard in Resources */,
				F315195726BE33D700F0BC39 /* ConfigTableViewCell.xib in Resources */,
			);
			runOnlyForDeploymentPostprocessing = 0;
		};
/* End PBXResourcesBuildPhase section */

/* Begin PBXShellScriptBuildPhase section */
		6EE74624F113938A415448A1 /* [CP] Embed Pods Frameworks */ = {
			isa = PBXShellScriptBuildPhase;
			buildActionMask = 2147483647;
			files = (
			);
			inputFileListPaths = (
				"${PODS_ROOT}/Target Support Files/Pods-BookMarker/Pods-BookMarker-frameworks-${CONFIGURATION}-input-files.xcfilelist",
			);
			name = "[CP] Embed Pods Frameworks";
			outputFileListPaths = (
				"${PODS_ROOT}/Target Support Files/Pods-BookMarker/Pods-BookMarker-frameworks-${CONFIGURATION}-output-files.xcfilelist",
			);
			runOnlyForDeploymentPostprocessing = 0;
			shellPath = /bin/sh;
			shellScript = "\"${PODS_ROOT}/Target Support Files/Pods-BookMarker/Pods-BookMarker-frameworks.sh\"\n";
			showEnvVarsInLog = 0;
		};
		CC8FF4CA099927A7B4EAEFB0 /* [CP] Check Pods Manifest.lock */ = {
			isa = PBXShellScriptBuildPhase;
			buildActionMask = 2147483647;
			files = (
			);
			inputFileListPaths = (
			);
			inputPaths = (
				"${PODS_PODFILE_DIR_PATH}/Podfile.lock",
				"${PODS_ROOT}/Manifest.lock",
			);
			name = "[CP] Check Pods Manifest.lock";
			outputFileListPaths = (
			);
			outputPaths = (
				"$(DERIVED_FILE_DIR)/Pods-BookMarker-checkManifestLockResult.txt",
			);
			runOnlyForDeploymentPostprocessing = 0;
			shellPath = /bin/sh;
			shellScript = "diff \"${PODS_PODFILE_DIR_PATH}/Podfile.lock\" \"${PODS_ROOT}/Manifest.lock\" > /dev/null\nif [ $? != 0 ] ; then\n    # print error to STDERR\n    echo \"error: The sandbox is not in sync with the Podfile.lock. Run 'pod install' or update your CocoaPods installation.\" >&2\n    exit 1\nfi\n# This output is used by Xcode 'outputs' to avoid re-running this script phase.\necho \"SUCCESS\" > \"${SCRIPT_OUTPUT_FILE_0}\"\n";
			showEnvVarsInLog = 0;
		};
/* End PBXShellScriptBuildPhase section */

/* Begin PBXSourcesBuildPhase section */
		F376B4D326B3689500A6D388 /* Sources */ = {
			isa = PBXSourcesBuildPhase;
			buildActionMask = 2147483647;
			files = (
				F376B4F626B50C0700A6D388 /* TableViewCell.swift in Sources */,
				F315196326BFCE0800F0BC39 /* WebViewController.swift in Sources */,
				F37ECBF326B7E9CC00A0813B /* RssClient.swift in Sources */,
				F315196926C0B85600F0BC39 /* DateUtils.swift in Sources */,
				F37ECBF726B8320B00A0813B /* ArticleList.swift in Sources */,
				F376B4DF26B3689500A6D388 /* ViewController.swift in Sources */,
				F315197826C10CA000F0BC39 /* ImageClient.swift in Sources */,
				F315196626C0B00600F0BC39 /* DisplayArticleList.swift in Sources */,
				F376B4DB26B3689500A6D388 /* AppDelegate.swift in Sources */,
				F393A85826B51B0100B6C7C7 /* BookMark.swift in Sources */,
				F376B4F226B3747700A6D388 /* ConfigViewController.swift in Sources */,
				F376B4DD26B3689500A6D388 /* SceneDelegate.swift in Sources */,
				F315195226BE2DA200F0BC39 /* Const.swift in Sources */,
				F315195626BE33D700F0BC39 /* ConfigTableViewCell.swift in Sources */,
			);
			runOnlyForDeploymentPostprocessing = 0;
		};
/* End PBXSourcesBuildPhase section */

/* Begin PBXVariantGroup section */
		F376B4E026B3689500A6D388 /* Main.storyboard */ = {
			isa = PBXVariantGroup;
			children = (
				F376B4E126B3689500A6D388 /* Base */,
			);
			name = Main.storyboard;
			sourceTree = "<group>";
		};
		F376B4E526B3689600A6D388 /* LaunchScreen.storyboard */ = {
			isa = PBXVariantGroup;
			children = (
				F376B4E626B3689600A6D388 /* Base */,
			);
			name = LaunchScreen.storyboard;
			sourceTree = "<group>";
		};
/* End PBXVariantGroup section */

/* Begin XCBuildConfiguration section */
		F376B4E926B3689600A6D388 /* Debug */ = {
			isa = XCBuildConfiguration;
			buildSettings = {
				ALWAYS_SEARCH_USER_PATHS = NO;
				CLANG_ANALYZER_NONNULL = YES;
				CLANG_ANALYZER_NUMBER_OBJECT_CONVERSION = YES_AGGRESSIVE;
				CLANG_CXX_LANGUAGE_STANDARD = "gnu++14";
				CLANG_CXX_LIBRARY = "libc++";
				CLANG_ENABLE_MODULES = YES;
				CLANG_ENABLE_OBJC_ARC = YES;
				CLANG_ENABLE_OBJC_WEAK = YES;
				CLANG_WARN_BLOCK_CAPTURE_AUTORELEASING = YES;
				CLANG_WARN_BOOL_CONVERSION = YES;
				CLANG_WARN_COMMA = YES;
				CLANG_WARN_CONSTANT_CONVERSION = YES;
				CLANG_WARN_DEPRECATED_OBJC_IMPLEMENTATIONS = YES;
				CLANG_WARN_DIRECT_OBJC_ISA_USAGE = YES_ERROR;
				CLANG_WARN_DOCUMENTATION_COMMENTS = YES;
				CLANG_WARN_EMPTY_BODY = YES;
				CLANG_WARN_ENUM_CONVERSION = YES;
				CLANG_WARN_INFINITE_RECURSION = YES;
				CLANG_WARN_INT_CONVERSION = YES;
				CLANG_WARN_NON_LITERAL_NULL_CONVERSION = YES;
				CLANG_WARN_OBJC_IMPLICIT_RETAIN_SELF = YES;
				CLANG_WARN_OBJC_LITERAL_CONVERSION = YES;
				CLANG_WARN_OBJC_ROOT_CLASS = YES_ERROR;
				CLANG_WARN_QUOTED_INCLUDE_IN_FRAMEWORK_HEADER = YES;
				CLANG_WARN_RANGE_LOOP_ANALYSIS = YES;
				CLANG_WARN_STRICT_PROTOTYPES = YES;
				CLANG_WARN_SUSPICIOUS_MOVE = YES;
				CLANG_WARN_UNGUARDED_AVAILABILITY = YES_AGGRESSIVE;
				CLANG_WARN_UNREACHABLE_CODE = YES;
				CLANG_WARN__DUPLICATE_METHOD_MATCH = YES;
				COPY_PHASE_STRIP = NO;
				DEBUG_INFORMATION_FORMAT = dwarf;
				ENABLE_STRICT_OBJC_MSGSEND = YES;
				ENABLE_TESTABILITY = YES;
				GCC_C_LANGUAGE_STANDARD = gnu11;
				GCC_DYNAMIC_NO_PIC = NO;
				GCC_NO_COMMON_BLOCKS = YES;
				GCC_OPTIMIZATION_LEVEL = 0;
				GCC_PREPROCESSOR_DEFINITIONS = (
					"DEBUG=1",
					"$(inherited)",
				);
				GCC_WARN_64_TO_32_BIT_CONVERSION = YES;
				GCC_WARN_ABOUT_RETURN_TYPE = YES_ERROR;
				GCC_WARN_UNDECLARED_SELECTOR = YES;
				GCC_WARN_UNINITIALIZED_AUTOS = YES_AGGRESSIVE;
				GCC_WARN_UNUSED_FUNCTION = YES;
				GCC_WARN_UNUSED_VARIABLE = YES;
				IPHONEOS_DEPLOYMENT_TARGET = 14.2;
				MTL_ENABLE_DEBUG_INFO = INCLUDE_SOURCE;
				MTL_FAST_MATH = YES;
				ONLY_ACTIVE_ARCH = YES;
				SDKROOT = iphoneos;
				SWIFT_ACTIVE_COMPILATION_CONDITIONS = DEBUG;
				SWIFT_OPTIMIZATION_LEVEL = "-Onone";
			};
			name = Debug;
		};
		F376B4EA26B3689600A6D388 /* Release */ = {
			isa = XCBuildConfiguration;
			buildSettings = {
				ALWAYS_SEARCH_USER_PATHS = NO;
				CLANG_ANALYZER_NONNULL = YES;
				CLANG_ANALYZER_NUMBER_OBJECT_CONVERSION = YES_AGGRESSIVE;
				CLANG_CXX_LANGUAGE_STANDARD = "gnu++14";
				CLANG_CXX_LIBRARY = "libc++";
				CLANG_ENABLE_MODULES = YES;
				CLANG_ENABLE_OBJC_ARC = YES;
				CLANG_ENABLE_OBJC_WEAK = YES;
				CLANG_WARN_BLOCK_CAPTURE_AUTORELEASING = YES;
				CLANG_WARN_BOOL_CONVERSION = YES;
				CLANG_WARN_COMMA = YES;
				CLANG_WARN_CONSTANT_CONVERSION = YES;
				CLANG_WARN_DEPRECATED_OBJC_IMPLEMENTATIONS = YES;
				CLANG_WARN_DIRECT_OBJC_ISA_USAGE = YES_ERROR;
				CLANG_WARN_DOCUMENTATION_COMMENTS = YES;
				CLANG_WARN_EMPTY_BODY = YES;
				CLANG_WARN_ENUM_CONVERSION = YES;
				CLANG_WARN_INFINITE_RECURSION = YES;
				CLANG_WARN_INT_CONVERSION = YES;
				CLANG_WARN_NON_LITERAL_NULL_CONVERSION = YES;
				CLANG_WARN_OBJC_IMPLICIT_RETAIN_SELF = YES;
				CLANG_WARN_OBJC_LITERAL_CONVERSION = YES;
				CLANG_WARN_OBJC_ROOT_CLASS = YES_ERROR;
				CLANG_WARN_QUOTED_INCLUDE_IN_FRAMEWORK_HEADER = YES;
				CLANG_WARN_RANGE_LOOP_ANALYSIS = YES;
				CLANG_WARN_STRICT_PROTOTYPES = YES;
				CLANG_WARN_SUSPICIOUS_MOVE = YES;
				CLANG_WARN_UNGUARDED_AVAILABILITY = YES_AGGRESSIVE;
				CLANG_WARN_UNREACHABLE_CODE = YES;
				CLANG_WARN__DUPLICATE_METHOD_MATCH = YES;
				COPY_PHASE_STRIP = NO;
				DEBUG_INFORMATION_FORMAT = "dwarf-with-dsym";
				ENABLE_NS_ASSERTIONS = NO;
				ENABLE_STRICT_OBJC_MSGSEND = YES;
				GCC_C_LANGUAGE_STANDARD = gnu11;
				GCC_NO_COMMON_BLOCKS = YES;
				GCC_WARN_64_TO_32_BIT_CONVERSION = YES;
				GCC_WARN_ABOUT_RETURN_TYPE = YES_ERROR;
				GCC_WARN_UNDECLARED_SELECTOR = YES;
				GCC_WARN_UNINITIALIZED_AUTOS = YES_AGGRESSIVE;
				GCC_WARN_UNUSED_FUNCTION = YES;
				GCC_WARN_UNUSED_VARIABLE = YES;
				IPHONEOS_DEPLOYMENT_TARGET = 14.2;
				MTL_ENABLE_DEBUG_INFO = NO;
				MTL_FAST_MATH = YES;
				SDKROOT = iphoneos;
				SWIFT_COMPILATION_MODE = wholemodule;
				SWIFT_OPTIMIZATION_LEVEL = "-O";
				VALIDATE_PRODUCT = YES;
			};
			name = Release;
		};
		F376B4EC26B3689600A6D388 /* Debug */ = {
			isa = XCBuildConfiguration;
			baseConfigurationReference = 0261A476FB55DF9CB64C880E /* Pods-BookMarker.debug.xcconfig */;
			buildSettings = {
				ASSETCATALOG_COMPILER_APPICON_NAME = AppIcon;
				ASSETCATALOG_COMPILER_GLOBAL_ACCENT_COLOR_NAME = AccentColor;
				CODE_SIGN_STYLE = Automatic;
				DEVELOPMENT_TEAM = Q2395G86FQ;
				INFOPLIST_FILE = BookMarker/Info.plist;
				LD_RUNPATH_SEARCH_PATHS = (
					"$(inherited)",
					"@executable_path/Frameworks",
				);
				PRODUCT_BUNDLE_IDENTIFIER = jp.techacademy.gaku.shimada.BookMarker;
				PRODUCT_NAME = "$(TARGET_NAME)";
				SWIFT_VERSION = 5.0;
				TARGETED_DEVICE_FAMILY = 1;
			};
			name = Debug;
		};
		F376B4ED26B3689600A6D388 /* Release */ = {
			isa = XCBuildConfiguration;
			baseConfigurationReference = FF10670A4AC58EFD53A0D522 /* Pods-BookMarker.release.xcconfig */;
			buildSettings = {
				ASSETCATALOG_COMPILER_APPICON_NAME = AppIcon;
				ASSETCATALOG_COMPILER_GLOBAL_ACCENT_COLOR_NAME = AccentColor;
				CODE_SIGN_STYLE = Automatic;
				DEVELOPMENT_TEAM = Q2395G86FQ;
				INFOPLIST_FILE = BookMarker/Info.plist;
				LD_RUNPATH_SEARCH_PATHS = (
					"$(inherited)",
					"@executable_path/Frameworks",
				);
				PRODUCT_BUNDLE_IDENTIFIER = jp.techacademy.gaku.shimada.BookMarker;
				PRODUCT_NAME = "$(TARGET_NAME)";
				SWIFT_VERSION = 5.0;
				TARGETED_DEVICE_FAMILY = 1;
			};
			name = Release;
		};
/* End XCBuildConfiguration section */

/* Begin XCConfigurationList section */
		F376B4D226B3689500A6D388 /* Build configuration list for PBXProject "BookMarker" */ = {
			isa = XCConfigurationList;
			buildConfigurations = (
				F376B4E926B3689600A6D388 /* Debug */,
				F376B4EA26B3689600A6D388 /* Release */,
			);
			defaultConfigurationIsVisible = 0;
			defaultConfigurationName = Release;
		};
		F376B4EB26B3689600A6D388 /* Build configuration list for PBXNativeTarget "BookMarker" */ = {
			isa = XCConfigurationList;
			buildConfigurations = (
				F376B4EC26B3689600A6D388 /* Debug */,
				F376B4ED26B3689600A6D388 /* Release */,
			);
			defaultConfigurationIsVisible = 0;
			defaultConfigurationName = Release;
		};
/* End XCConfigurationList section */
	};
	rootObject = F376B4CF26B3689500A6D388 /* Project object */;
}
